hash: 12a83fe28c06e3a43d99ef7f56df4e77b53a1f955c658cf6f246ee9dbd7afc14
updated: 2016-09-11T15:51:36.3842878+03:00
imports:
- name: github.com/jinzhu/inflection
  version: 74387dc39a75e970e7a3ae6a3386b5bd2e5c5cff
- name: gopkg.in/bsm/ratelimit.v1
  version: db14e161995a5177acef654cb0dd785e8ee8bc22
- name: gopkg.in/pg.v4
  version: c21a4b01cbee08f4b44c92cc18eeb06852a2e6de
  subpackages:
  - internal
  - internal/parser
  - internal/pool
  - orm
  - types
testImports: []
